// !$*UTF8*$!
{
	archiveVersion = 1;
	classes = {
	};
	objectVersion = 51;
	objects = {

/* Begin PBXBuildFile section */
		068791D209E1FF7C18E1E7A7 /* Pods_Flix.framework in Frameworks */ = {isa = PBXBuildFile; fileRef = 83110104D585FFBCA619EB91 /* Pods_Flix.framework */; };
		37983DF6BCF740563396CC43 /* Pods_FlixTests.framework in Frameworks */ = {isa = PBXBuildFile; fileRef = 8C8E9036D259433FC47BD777 /* Pods_FlixTests.framework */; };
		A1F5066B68BD1EB11357EFBA /* Pods_Flix_FlixUITests.framework in Frameworks */ = {isa = PBXBuildFile; fileRef = 2BC7086DE8FEF8E41025F74B /* Pods_Flix_FlixUITests.framework */; };
		EA2F323F23E3C41A0093411C /* LaunchScreen.storyboard in Resources */ = {isa = PBXBuildFile; fileRef = EA72F3D423E2B49B0038D9E8 /* LaunchScreen.storyboard */; };
		EA2F324123E3CBE20093411C /* MovieCell.swift in Sources */ = {isa = PBXBuildFile; fileRef = EA2F324023E3CBE20093411C /* MovieCell.swift */; };
		EA72F3A023E110850038D9E8 /* AppDelegate.swift in Sources */ = {isa = PBXBuildFile; fileRef = EA72F39F23E110850038D9E8 /* AppDelegate.swift */; };
		EA72F3A223E110850038D9E8 /* SceneDelegate.swift in Sources */ = {isa = PBXBuildFile; fileRef = EA72F3A123E110850038D9E8 /* SceneDelegate.swift */; };
		EA72F3A423E110850038D9E8 /* ViewController.swift in Sources */ = {isa = PBXBuildFile; fileRef = EA72F3A323E110850038D9E8 /* ViewController.swift */; };
		EA72F3A723E110850038D9E8 /* Main.storyboard in Resources */ = {isa = PBXBuildFile; fileRef = EA72F3A523E110850038D9E8 /* Main.storyboard */; };
		EA72F3A923E110930038D9E8 /* Assets.xcassets in Resources */ = {isa = PBXBuildFile; fileRef = EA72F3A823E110930038D9E8 /* Assets.xcassets */; };
		EA72F3B723E110930038D9E8 /* FlixTests.swift in Sources */ = {isa = PBXBuildFile; fileRef = EA72F3B623E110930038D9E8 /* FlixTests.swift */; };
		EA72F3C223E110940038D9E8 /* FlixUITests.swift in Sources */ = {isa = PBXBuildFile; fileRef = EA72F3C123E110940038D9E8 /* FlixUITests.swift */; };
		EAC32EE223ED098700FC4BE8 /* MovieDetailsViewController.swift in Sources */ = {isa = PBXBuildFile; fileRef = EAC32EE123ED098700FC4BE8 /* MovieDetailsViewController.swift */; };
		EAC32EE423ED2F9C00FC4BE8 /* MovieGridViewController.swift in Sources */ = {isa = PBXBuildFile; fileRef = EAC32EE323ED2F9C00FC4BE8 /* MovieGridViewController.swift */; };
		EAE9313E23EFB9AD00D725F3 /* MovieGridCell.swift in Sources */ = {isa = PBXBuildFile; fileRef = EAE9313D23EFB9AD00D725F3 /* MovieGridCell.swift */; };
/* End PBXBuildFile section */

/* Begin PBXContainerItemProxy section */
		EA72F3B323E110930038D9E8 /* PBXContainerItemProxy */ = {
			isa = PBXContainerItemProxy;
			containerPortal = EA72F39423E110850038D9E8 /* Project object */;
			proxyType = 1;
			remoteGlobalIDString = EA72F39B23E110850038D9E8;
			remoteInfo = Flix;
		};
		EA72F3BE23E110930038D9E8 /* PBXContainerItemProxy */ = {
			isa = PBXContainerItemProxy;
			containerPortal = EA72F39423E110850038D9E8 /* Project object */;
			proxyType = 1;
			remoteGlobalIDString = EA72F39B23E110850038D9E8;
			remoteInfo = Flix;
		};
/* End PBXContainerItemProxy section */

/* Begin PBXFileReference section */
		2BC7086DE8FEF8E41025F74B /* Pods_Flix_FlixUITests.framework */ = {isa = PBXFileReference; explicitFileType = wrapper.framework; includeInIndex = 0; path = Pods_Flix_FlixUITests.framework; sourceTree = BUILT_PRODUCTS_DIR; };
		350C1A4A099BA415A868852A /* Pods-Flix-FlixUITests.debug.xcconfig */ = {isa = PBXFileReference; includeInIndex = 1; lastKnownFileType = text.xcconfig; name = "Pods-Flix-FlixUITests.debug.xcconfig"; path = "Target Support Files/Pods-Flix-FlixUITests/Pods-Flix-FlixUITests.debug.xcconfig"; sourceTree = "<group>"; };
		4F3654942E81333C8CF817A8 /* Pods-Flix-FlixUITests.release.xcconfig */ = {isa = PBXFileReference; includeInIndex = 1; lastKnownFileType = text.xcconfig; name = "Pods-Flix-FlixUITests.release.xcconfig"; path = "Target Support Files/Pods-Flix-FlixUITests/Pods-Flix-FlixUITests.release.xcconfig"; sourceTree = "<group>"; };
		6D39F8D86DEAFF445F78AE21 /* Pods-Flix.release.xcconfig */ = {isa = PBXFileReference; includeInIndex = 1; lastKnownFileType = text.xcconfig; name = "Pods-Flix.release.xcconfig"; path = "Target Support Files/Pods-Flix/Pods-Flix.release.xcconfig"; sourceTree = "<group>"; };
		6EE27A5943ABE581610A2859 /* Pods-FlixTests.debug.xcconfig */ = {isa = PBXFileReference; includeInIndex = 1; lastKnownFileType = text.xcconfig; name = "Pods-FlixTests.debug.xcconfig"; path = "Target Support Files/Pods-FlixTests/Pods-FlixTests.debug.xcconfig"; sourceTree = "<group>"; };
		83110104D585FFBCA619EB91 /* Pods_Flix.framework */ = {isa = PBXFileReference; explicitFileType = wrapper.framework; includeInIndex = 0; path = Pods_Flix.framework; sourceTree = BUILT_PRODUCTS_DIR; };
		8C8E9036D259433FC47BD777 /* Pods_FlixTests.framework */ = {isa = PBXFileReference; explicitFileType = wrapper.framework; includeInIndex = 0; path = Pods_FlixTests.framework; sourceTree = BUILT_PRODUCTS_DIR; };
		A06F745D96DE853F3B4D32AE /* Pods-FlixTests.release.xcconfig */ = {isa = PBXFileReference; includeInIndex = 1; lastKnownFileType = text.xcconfig; name = "Pods-FlixTests.release.xcconfig"; path = "Target Support Files/Pods-FlixTests/Pods-FlixTests.release.xcconfig"; sourceTree = "<group>"; };
		EA2F324023E3CBE20093411C /* MovieCell.swift */ = {isa = PBXFileReference; lastKnownFileType = sourcecode.swift; path = MovieCell.swift; sourceTree = "<group>"; };
		EA70BEF567F8C153D5CDC912 /* Pods-Flix.debug.xcconfig */ = {isa = PBXFileReference; includeInIndex = 1; lastKnownFileType = text.xcconfig; name = "Pods-Flix.debug.xcconfig"; path = "Target Support Files/Pods-Flix/Pods-Flix.debug.xcconfig"; sourceTree = "<group>"; };
		EA72F39C23E110850038D9E8 /* Flix.app */ = {isa = PBXFileReference; explicitFileType = wrapper.application; includeInIndex = 0; path = Flix.app; sourceTree = BUILT_PRODUCTS_DIR; };
		EA72F39F23E110850038D9E8 /* AppDelegate.swift */ = {isa = PBXFileReference; lastKnownFileType = sourcecode.swift; path = AppDelegate.swift; sourceTree = "<group>"; };
		EA72F3A123E110850038D9E8 /* SceneDelegate.swift */ = {isa = PBXFileReference; lastKnownFileType = sourcecode.swift; path = SceneDelegate.swift; sourceTree = "<group>"; };
		EA72F3A323E110850038D9E8 /* ViewController.swift */ = {isa = PBXFileReference; lastKnownFileType = sourcecode.swift; path = ViewController.swift; sourceTree = "<group>"; };
		EA72F3A623E110850038D9E8 /* Base */ = {isa = PBXFileReference; lastKnownFileType = file.storyboard; name = Base; path = Base.lproj/Main.storyboard; sourceTree = "<group>"; };
		EA72F3A823E110930038D9E8 /* Assets.xcassets */ = {isa = PBXFileReference; lastKnownFileType = folder.assetcatalog; path = Assets.xcassets; sourceTree = "<group>"; };
		EA72F3AD23E110930038D9E8 /* Info.plist */ = {isa = PBXFileReference; lastKnownFileType = text.plist.xml; path = Info.plist; sourceTree = "<group>"; };
		EA72F3B223E110930038D9E8 /* FlixTests.xctest */ = {isa = PBXFileReference; explicitFileType = wrapper.cfbundle; includeInIndex = 0; path = FlixTests.xctest; sourceTree = BUILT_PRODUCTS_DIR; };
		EA72F3B623E110930038D9E8 /* FlixTests.swift */ = {isa = PBXFileReference; lastKnownFileType = sourcecode.swift; path = FlixTests.swift; sourceTree = "<group>"; };
		EA72F3B823E110930038D9E8 /* Info.plist */ = {isa = PBXFileReference; lastKnownFileType = text.plist.xml; path = Info.plist; sourceTree = "<group>"; };
		EA72F3BD23E110930038D9E8 /* FlixUITests.xctest */ = {isa = PBXFileReference; explicitFileType = wrapper.cfbundle; includeInIndex = 0; path = FlixUITests.xctest; sourceTree = BUILT_PRODUCTS_DIR; };
		EA72F3C123E110940038D9E8 /* FlixUITests.swift */ = {isa = PBXFileReference; lastKnownFileType = sourcecode.swift; path = FlixUITests.swift; sourceTree = "<group>"; };
		EA72F3C323E110940038D9E8 /* Info.plist */ = {isa = PBXFileReference; lastKnownFileType = text.plist.xml; path = Info.plist; sourceTree = "<group>"; };
		EA72F3D423E2B49B0038D9E8 /* LaunchScreen.storyboard */ = {isa = PBXFileReference; lastKnownFileType = file.storyboard; path = LaunchScreen.storyboard; sourceTree = "<group>"; };
		EAC32EE123ED098700FC4BE8 /* MovieDetailsViewController.swift */ = {isa = PBXFileReference; lastKnownFileType = sourcecode.swift; path = MovieDetailsViewController.swift; sourceTree = "<group>"; };
		EAC32EE323ED2F9C00FC4BE8 /* MovieGridViewController.swift */ = {isa = PBXFileReference; lastKnownFileType = sourcecode.swift; path = MovieGridViewController.swift; sourceTree = "<group>"; };
		EAE9313D23EFB9AD00D725F3 /* MovieGridCell.swift */ = {isa = PBXFileReference; lastKnownFileType = sourcecode.swift; path = MovieGridCell.swift; sourceTree = "<group>"; };
/* End PBXFileReference section */

/* Begin PBXFrameworksBuildPhase section */
		EA72F39923E110850038D9E8 /* Frameworks */ = {
			isa = PBXFrameworksBuildPhase;
			buildActionMask = 2147483647;
			files = (
				068791D209E1FF7C18E1E7A7 /* Pods_Flix.framework in Frameworks */,
			);
			runOnlyForDeploymentPostprocessing = 0;
		};
		EA72F3AF23E110930038D9E8 /* Frameworks */ = {
			isa = PBXFrameworksBuildPhase;
			buildActionMask = 2147483647;
			files = (
				37983DF6BCF740563396CC43 /* Pods_FlixTests.framework in Frameworks */,
			);
			runOnlyForDeploymentPostprocessing = 0;
		};
		EA72F3BA23E110930038D9E8 /* Frameworks */ = {
			isa = PBXFrameworksBuildPhase;
			buildActionMask = 2147483647;
			files = (
				A1F5066B68BD1EB11357EFBA /* Pods_Flix_FlixUITests.framework in Frameworks */,
			);
			runOnlyForDeploymentPostprocessing = 0;
		};
/* End PBXFrameworksBuildPhase section */

/* Begin PBXGroup section */
		882EABDF0D8FEB49E00B147D /* Frameworks */ = {
			isa = PBXGroup;
			children = (
				83110104D585FFBCA619EB91 /* Pods_Flix.framework */,
				2BC7086DE8FEF8E41025F74B /* Pods_Flix_FlixUITests.framework */,
				8C8E9036D259433FC47BD777 /* Pods_FlixTests.framework */,
			);
			name = Frameworks;
			sourceTree = "<group>";
		};
		EA72F39323E110850038D9E8 = {
			isa = PBXGroup;
			children = (
				EA72F39E23E110850038D9E8 /* Flix */,
				EA72F3B523E110930038D9E8 /* FlixTests */,
				EA72F3C023E110940038D9E8 /* FlixUITests */,
				EA72F39D23E110850038D9E8 /* Products */,
				F1C739ED72A875A529B36147 /* Pods */,
				882EABDF0D8FEB49E00B147D /* Frameworks */,
			);
			sourceTree = "<group>";
		};
		EA72F39D23E110850038D9E8 /* Products */ = {
			isa = PBXGroup;
			children = (
				EA72F39C23E110850038D9E8 /* Flix.app */,
				EA72F3B223E110930038D9E8 /* FlixTests.xctest */,
				EA72F3BD23E110930038D9E8 /* FlixUITests.xctest */,
			);
			name = Products;
			sourceTree = "<group>";
		};
		EA72F39E23E110850038D9E8 /* Flix */ = {
			isa = PBXGroup;
			children = (
				EA72F3D423E2B49B0038D9E8 /* LaunchScreen.storyboard */,
				EA72F39F23E110850038D9E8 /* AppDelegate.swift */,
				EA72F3A123E110850038D9E8 /* SceneDelegate.swift */,
				EA72F3A323E110850038D9E8 /* ViewController.swift */,
				EA72F3A523E110850038D9E8 /* Main.storyboard */,
				EAE9313D23EFB9AD00D725F3 /* MovieGridCell.swift */,
				EA72F3A823E110930038D9E8 /* Assets.xcassets */,
				EA72F3AD23E110930038D9E8 /* Info.plist */,
				EA2F324023E3CBE20093411C /* MovieCell.swift */,
				EAC32EE123ED098700FC4BE8 /* MovieDetailsViewController.swift */,
				EAC32EE323ED2F9C00FC4BE8 /* MovieGridViewController.swift */,
			);
			path = Flix;
			sourceTree = "<group>";
		};
		EA72F3B523E110930038D9E8 /* FlixTests */ = {
			isa = PBXGroup;
			children = (
				EA72F3B623E110930038D9E8 /* FlixTests.swift */,
				EA72F3B823E110930038D9E8 /* Info.plist */,
			);
			path = FlixTests;
			sourceTree = "<group>";
		};
		EA72F3C023E110940038D9E8 /* FlixUITests */ = {
			isa = PBXGroup;
			children = (
				EA72F3C123E110940038D9E8 /* FlixUITests.swift */,
				EA72F3C323E110940038D9E8 /* Info.plist */,
			);
			path = FlixUITests;
			sourceTree = "<group>";
		};
		F1C739ED72A875A529B36147 /* Pods */ = {
			isa = PBXGroup;
			children = (
				EA70BEF567F8C153D5CDC912 /* Pods-Flix.debug.xcconfig */,
				6D39F8D86DEAFF445F78AE21 /* Pods-Flix.release.xcconfig */,
				350C1A4A099BA415A868852A /* Pods-Flix-FlixUITests.debug.xcconfig */,
				4F3654942E81333C8CF817A8 /* Pods-Flix-FlixUITests.release.xcconfig */,
				6EE27A5943ABE581610A2859 /* Pods-FlixTests.debug.xcconfig */,
				A06F745D96DE853F3B4D32AE /* Pods-FlixTests.release.xcconfig */,
			);
			path = Pods;
			sourceTree = "<group>";
		};
/* End PBXGroup section */

/* Begin PBXNativeTarget section */
		EA72F39B23E110850038D9E8 /* Flix */ = {
			isa = PBXNativeTarget;
			buildConfigurationList = EA72F3C623E110940038D9E8 /* Build configuration list for PBXNativeTarget "Flix" */;
			buildPhases = (
				23D1B0E7FD4717DC3A0C1BA6 /* [CP] Check Pods Manifest.lock */,
				EA72F39823E110850038D9E8 /* Sources */,
				EA72F39923E110850038D9E8 /* Frameworks */,
				EA72F39A23E110850038D9E8 /* Resources */,
				FC35BA51A722D9DE5B237A4E /* [CP] Embed Pods Frameworks */,
			);
			buildRules = (
			);
			dependencies = (
			);
			name = Flix;
			productName = Flix;
			productReference = EA72F39C23E110850038D9E8 /* Flix.app */;
			productType = "com.apple.product-type.application";
		};
		EA72F3B123E110930038D9E8 /* FlixTests */ = {
			isa = PBXNativeTarget;
			buildConfigurationList = EA72F3C923E110940038D9E8 /* Build configuration list for PBXNativeTarget "FlixTests" */;
			buildPhases = (
				99818AB814E145A2EB29FABF /* [CP] Check Pods Manifest.lock */,
				EA72F3AE23E110930038D9E8 /* Sources */,
				EA72F3AF23E110930038D9E8 /* Frameworks */,
				EA72F3B023E110930038D9E8 /* Resources */,
			);
			buildRules = (
			);
			dependencies = (
				EA72F3B423E110930038D9E8 /* PBXTargetDependency */,
			);
			name = FlixTests;
			productName = FlixTests;
			productReference = EA72F3B223E110930038D9E8 /* FlixTests.xctest */;
			productType = "com.apple.product-type.bundle.unit-test";
		};
		EA72F3BC23E110930038D9E8 /* FlixUITests */ = {
			isa = PBXNativeTarget;
			buildConfigurationList = EA72F3CC23E110940038D9E8 /* Build configuration list for PBXNativeTarget "FlixUITests" */;
			buildPhases = (
				EE7B7BD6C8FB497463CC3502 /* [CP] Check Pods Manifest.lock */,
				EA72F3B923E110930038D9E8 /* Sources */,
				EA72F3BA23E110930038D9E8 /* Frameworks */,
				EA72F3BB23E110930038D9E8 /* Resources */,
				1607FCD325EDDBDF4E427A05 /* [CP] Embed Pods Frameworks */,
			);
			buildRules = (
			);
			dependencies = (
				EA72F3BF23E110930038D9E8 /* PBXTargetDependency */,
			);
			name = FlixUITests;
			productName = FlixUITests;
			productReference = EA72F3BD23E110930038D9E8 /* FlixUITests.xctest */;
			productType = "com.apple.product-type.bundle.ui-testing";
		};
/* End PBXNativeTarget section */

/* Begin PBXProject section */
		EA72F39423E110850038D9E8 /* Project object */ = {
			isa = PBXProject;
			attributes = {
				LastSwiftUpdateCheck = 1130;
				LastUpgradeCheck = 1130;
				ORGANIZATIONNAME = "Markhughes142@gmail.com";
				TargetAttributes = {
					EA72F39B23E110850038D9E8 = {
						CreatedOnToolsVersion = 11.3.1;
					};
					EA72F3B123E110930038D9E8 = {
						CreatedOnToolsVersion = 11.3.1;
						TestTargetID = EA72F39B23E110850038D9E8;
					};
					EA72F3BC23E110930038D9E8 = {
						CreatedOnToolsVersion = 11.3.1;
						TestTargetID = EA72F39B23E110850038D9E8;
					};
				};
			};
			buildConfigurationList = EA72F39723E110850038D9E8 /* Build configuration list for PBXProject "Flix" */;
			compatibilityVersion = "Xcode 9.3";
			developmentRegion = en;
			hasScannedForEncodings = 0;
			knownRegions = (
				en,
				Base,
			);
			mainGroup = EA72F39323E110850038D9E8;
			productRefGroup = EA72F39D23E110850038D9E8 /* Products */;
			projectDirPath = "";
			projectRoot = "";
			targets = (
				EA72F39B23E110850038D9E8 /* Flix */,
				EA72F3B123E110930038D9E8 /* FlixTests */,
				EA72F3BC23E110930038D9E8 /* FlixUITests */,
			);
		};
/* End PBXProject section */

/* Begin PBXResourcesBuildPhase section */
		EA72F39A23E110850038D9E8 /* Resources */ = {
			isa = PBXResourcesBuildPhase;
			buildActionMask = 2147483647;
			files = (
				EA2F323F23E3C41A0093411C /* LaunchScreen.storyboard in Resources */,
				EA72F3A923E110930038D9E8 /* Assets.xcassets in Resources */,
				EA72F3A723E110850038D9E8 /* Main.storyboard in Resources */,
			);
			runOnlyForDeploymentPostprocessing = 0;
		};
		EA72F3B023E110930038D9E8 /* Resources */ = {
			isa = PBXResourcesBuildPhase;
			buildActionMask = 2147483647;
			files = (
			);
			runOnlyForDeploymentPostprocessing = 0;
		};
		EA72F3BB23E110930038D9E8 /* Resources */ = {
			isa = PBXResourcesBuildPhase;
			buildActionMask = 2147483647;
			files = (
			);
			runOnlyForDeploymentPostprocessing = 0;
		};
/* End PBXResourcesBuildPhase section */

/* Begin PBXShellScriptBuildPhase section */
		1607FCD325EDDBDF4E427A05 /* [CP] Embed Pods Frameworks */ = {
			isa = PBXShellScriptBuildPhase;
			buildActionMask = 2147483647;
			files = (
			);
			inputFileListPaths = (
				"${PODS_ROOT}/Target Support Files/Pods-Flix-FlixUITests/Pods-Flix-FlixUITests-frameworks-${CONFIGURATION}-input-files.xcfilelist",
			);
			name = "[CP] Embed Pods Frameworks";
			outputFileListPaths = (
				"${PODS_ROOT}/Target Support Files/Pods-Flix-FlixUITests/Pods-Flix-FlixUITests-frameworks-${CONFIGURATION}-output-files.xcfilelist",
			);
			runOnlyForDeploymentPostprocessing = 0;
			shellPath = /bin/sh;
			shellScript = "\"${PODS_ROOT}/Target Support Files/Pods-Flix-FlixUITests/Pods-Flix-FlixUITests-frameworks.sh\"\n";
			showEnvVarsInLog = 0;
		};
		23D1B0E7FD4717DC3A0C1BA6 /* [CP] Check Pods Manifest.lock */ = {
			isa = PBXShellScriptBuildPhase;
			buildActionMask = 2147483647;
			files = (
			);
			inputFileListPaths = (
			);
			inputPaths = (
				"${PODS_PODFILE_DIR_PATH}/Podfile.lock",
				"${PODS_ROOT}/Manifest.lock",
			);
			name = "[CP] Check Pods Manifest.lock";
			outputFileListPaths = (
			);
			outputPaths = (
				"$(DERIVED_FILE_DIR)/Pods-Flix-checkManifestLockResult.txt",
			);
			runOnlyForDeploymentPostprocessing = 0;
			shellPath = /bin/sh;
			shellScript = "diff \"${PODS_PODFILE_DIR_PATH}/Podfile.lock\" \"${PODS_ROOT}/Manifest.lock\" > /dev/null\nif [ $? != 0 ] ; then\n    # print error to STDERR\n    echo \"error: The sandbox is not in sync with the Podfile.lock. Run 'pod install' or update your CocoaPods installation.\" >&2\n    exit 1\nfi\n# This output is used by Xcode 'outputs' to avoid re-running this script phase.\necho \"SUCCESS\" > \"${SCRIPT_OUTPUT_FILE_0}\"\n";
			showEnvVarsInLog = 0;
		};
		99818AB814E145A2EB29FABF /* [CP] Check Pods Manifest.lock */ = {
			isa = PBXShellScriptBuildPhase;
			buildActionMask = 2147483647;
			files = (
			);
			inputFileListPaths = (
			);
			inputPaths = (
				"${PODS_PODFILE_DIR_PATH}/Podfile.lock",
				"${PODS_ROOT}/Manifest.lock",
			);
			name = "[CP] Check Pods Manifest.lock";
			outputFileListPaths = (
			);
			outputPaths = (
				"$(DERIVED_FILE_DIR)/Pods-FlixTests-checkManifestLockResult.txt",
			);
			runOnlyForDeploymentPostprocessing = 0;
			shellPath = /bin/sh;
			shellScript = "diff \"${PODS_PODFILE_DIR_PATH}/Podfile.lock\" \"${PODS_ROOT}/Manifest.lock\" > /dev/null\nif [ $? != 0 ] ; then\n    # print error to STDERR\n    echo \"error: The sandbox is not in sync with the Podfile.lock. Run 'pod install' or update your CocoaPods installation.\" >&2\n    exit 1\nfi\n# This output is used by Xcode 'outputs' to avoid re-running this script phase.\necho \"SUCCESS\" > \"${SCRIPT_OUTPUT_FILE_0}\"\n";
			showEnvVarsInLog = 0;
		};
		EE7B7BD6C8FB497463CC3502 /* [CP] Check Pods Manifest.lock */ = {
			isa = PBXShellScriptBuildPhase;
			buildActionMask = 2147483647;
			files = (
			);
			inputFileListPaths = (
			);
			inputPaths = (
				"${PODS_PODFILE_DIR_PATH}/Podfile.lock",
				"${PODS_ROOT}/Manifest.lock",
			);
			name = "[CP] Check Pods Manifest.lock";
			outputFileListPaths = (
			);
			outputPaths = (
				"$(DERIVED_FILE_DIR)/Pods-Flix-FlixUITests-checkManifestLockResult.txt",
			);
			runOnlyForDeploymentPostprocessing = 0;
			shellPath = /bin/sh;
			shellScript = "diff \"${PODS_PODFILE_DIR_PATH}/Podfile.lock\" \"${PODS_ROOT}/Manifest.lock\" > /dev/null\nif [ $? != 0 ] ; then\n    # print error to STDERR\n    echo \"error: The sandbox is not in sync with the Podfile.lock. Run 'pod install' or update your CocoaPods installation.\" >&2\n    exit 1\nfi\n# This output is used by Xcode 'outputs' to avoid re-running this script phase.\necho \"SUCCESS\" > \"${SCRIPT_OUTPUT_FILE_0}\"\n";
			showEnvVarsInLog = 0;
		};
		FC35BA51A722D9DE5B237A4E /* [CP] Embed Pods Frameworks */ = {
			isa = PBXShellScriptBuildPhase;
			buildActionMask = 2147483647;
			files = (
			);
			inputFileListPaths = (
				"${PODS_ROOT}/Target Support Files/Pods-Flix/Pods-Flix-frameworks-${CONFIGURATION}-input-files.xcfilelist",
			);
			name = "[CP] Embed Pods Frameworks";
			outputFileListPaths = (
				"${PODS_ROOT}/Target Support Files/Pods-Flix/Pods-Flix-frameworks-${CONFIGURATION}-output-files.xcfilelist",
			);
			runOnlyForDeploymentPostprocessing = 0;
			shellPath = /bin/sh;
			shellScript = "\"${PODS_ROOT}/Target Support Files/Pods-Flix/Pods-Flix-frameworks.sh\"\n";
			showEnvVarsInLog = 0;
		};
/* End PBXShellScriptBuildPhase section */

/* Begin PBXSourcesBuildPhase section */
		EA72F39823E110850038D9E8 /* Sources */ = {
			isa = PBXSourcesBuildPhase;
			buildActionMask = 2147483647;
			files = (
				EAC32EE223ED098700FC4BE8 /* MovieDetailsViewController.swift in Sources */,
				EA72F3A423E110850038D9E8 /* ViewController.swift in Sources */,
				EA72F3A023E110850038D9E8 /* AppDelegate.swift in Sources */,
				EA2F324123E3CBE20093411C /* MovieCell.swift in Sources */,
				EA72F3A223E110850038D9E8 /* SceneDelegate.swift in Sources */,
				EAC32EE423ED2F9C00FC4BE8 /* MovieGridViewController.swift in Sources */,
				EAE9313E23EFB9AD00D725F3 /* MovieGridCell.swift in Sources */,
			);
			runOnlyForDeploymentPostprocessing = 0;
		};
		EA72F3AE23E110930038D9E8 /* Sources */ = {
			isa = PBXSourcesBuildPhase;
			buildActionMask = 2147483647;
			files = (
				EA72F3B723E110930038D9E8 /* FlixTests.swift in Sources */,
			);
			runOnlyForDeploymentPostprocessing = 0;
		};
		EA72F3B923E110930038D9E8 /* Sources */ = {
			isa = PBXSourcesBuildPhase;
			buildActionMask = 2147483647;
			files = (
				EA72F3C223E110940038D9E8 /* FlixUITests.swift in Sources */,
			);
			runOnlyForDeploymentPostprocessing = 0;
		};
/* End PBXSourcesBuildPhase section */

/* Begin PBXTargetDependency section */
		EA72F3B423E110930038D9E8 /* PBXTargetDependency */ = {
			isa = PBXTargetDependency;
			target = EA72F39B23E110850038D9E8 /* Flix */;
			targetProxy = EA72F3B323E110930038D9E8 /* PBXContainerItemProxy */;
		};
		EA72F3BF23E110930038D9E8 /* PBXTargetDependency */ = {
			isa = PBXTargetDependency;
			target = EA72F39B23E110850038D9E8 /* Flix */;
			targetProxy = EA72F3BE23E110930038D9E8 /* PBXContainerItemProxy */;
		};
/* End PBXTargetDependency section */

/* Begin PBXVariantGroup section */
		EA72F3A523E110850038D9E8 /* Main.storyboard */ = {
			isa = PBXVariantGroup;
			children = (
				EA72F3A623E110850038D9E8 /* Base */,
			);
			name = Main.storyboard;
			sourceTree = "<group>";
		};
/* End PBXVariantGroup section */

/* Begin XCBuildConfiguration section */
		EA72F3C423E110940038D9E8 /* Debug */ = {
			isa = XCBuildConfiguration;
			buildSettings = {
				ALWAYS_SEARCH_USER_PATHS = NO;
				CLANG_ANALYZER_NONNULL = YES;
				CLANG_ANALYZER_NUMBER_OBJECT_CONVERSION = YES_AGGRESSIVE;
				CLANG_CXX_LANGUAGE_STANDARD = "gnu++14";
				CLANG_CXX_LIBRARY = "libc++";
				CLANG_ENABLE_MODULES = YES;
				CLANG_ENABLE_OBJC_ARC = YES;
				CLANG_ENABLE_OBJC_WEAK = YES;
				CLANG_WARN_BLOCK_CAPTURE_AUTORELEASING = YES;
				CLANG_WARN_BOOL_CONVERSION = YES;
				CLANG_WARN_COMMA = YES;
				CLANG_WARN_CONSTANT_CONVERSION = YES;
				CLANG_WARN_DEPRECATED_OBJC_IMPLEMENTATIONS = YES;
				CLANG_WARN_DIRECT_OBJC_ISA_USAGE = YES_ERROR;
				CLANG_WARN_DOCUMENTATION_COMMENTS = YES;
				CLANG_WARN_EMPTY_BODY = YES;
				CLANG_WARN_ENUM_CONVERSION = YES;
				CLANG_WARN_INFINITE_RECURSION = YES;
				CLANG_WARN_INT_CONVERSION = YES;
				CLANG_WARN_NON_LITERAL_NULL_CONVERSION = YES;
				CLANG_WARN_OBJC_IMPLICIT_RETAIN_SELF = YES;
				CLANG_WARN_OBJC_LITERAL_CONVERSION = YES;
				CLANG_WARN_OBJC_ROOT_CLASS = YES_ERROR;
				CLANG_WARN_RANGE_LOOP_ANALYSIS = YES;
				CLANG_WARN_STRICT_PROTOTYPES = YES;
				CLANG_WARN_SUSPICIOUS_MOVE = YES;
				CLANG_WARN_UNGUARDED_AVAILABILITY = YES_AGGRESSIVE;
				CLANG_WARN_UNREACHABLE_CODE = YES;
				CLANG_WARN__DUPLICATE_METHOD_MATCH = YES;
				COPY_PHASE_STRIP = NO;
				DEBUG_INFORMATION_FORMAT = dwarf;
				ENABLE_STRICT_OBJC_MSGSEND = YES;
				ENABLE_TESTABILITY = YES;
				GCC_C_LANGUAGE_STANDARD = gnu11;
				GCC_DYNAMIC_NO_PIC = NO;
				GCC_NO_COMMON_BLOCKS = YES;
				GCC_OPTIMIZATION_LEVEL = 0;
				GCC_PREPROCESSOR_DEFINITIONS = (
					"DEBUG=1",
					"$(inherited)",
				);
				GCC_WARN_64_TO_32_BIT_CONVERSION = YES;
				GCC_WARN_ABOUT_RETURN_TYPE = YES_ERROR;
				GCC_WARN_UNDECLARED_SELECTOR = YES;
				GCC_WARN_UNINITIALIZED_AUTOS = YES_AGGRESSIVE;
				GCC_WARN_UNUSED_FUNCTION = YES;
				GCC_WARN_UNUSED_VARIABLE = YES;
				IPHONEOS_DEPLOYMENT_TARGET = 13.2;
				MTL_ENABLE_DEBUG_INFO = INCLUDE_SOURCE;
				MTL_FAST_MATH = YES;
				ONLY_ACTIVE_ARCH = YES;
				SDKROOT = iphoneos;
				SWIFT_ACTIVE_COMPILATION_CONDITIONS = DEBUG;
				SWIFT_OPTIMIZATION_LEVEL = "-Onone";
			};
			name = Debug;
		};
		EA72F3C523E110940038D9E8 /* Release */ = {
			isa = XCBuildConfiguration;
			buildSettings = {
				ALWAYS_SEARCH_USER_PATHS = NO;
				CLANG_ANALYZER_NONNULL = YES;
				CLANG_ANALYZER_NUMBER_OBJECT_CONVERSION = YES_AGGRESSIVE;
				CLANG_CXX_LANGUAGE_STANDARD = "gnu++14";
				CLANG_CXX_LIBRARY = "libc++";
				CLANG_ENABLE_MODULES = YES;
				CLANG_ENABLE_OBJC_ARC = YES;
				CLANG_ENABLE_OBJC_WEAK = YES;
				CLANG_WARN_BLOCK_CAPTURE_AUTORELEASING = YES;
				CLANG_WARN_BOOL_CONVERSION = YES;
				CLANG_WARN_COMMA = YES;
				CLANG_WARN_CONSTANT_CONVERSION = YES;
				CLANG_WARN_DEPRECATED_OBJC_IMPLEMENTATIONS = YES;
				CLANG_WARN_DIRECT_OBJC_ISA_USAGE = YES_ERROR;
				CLANG_WARN_DOCUMENTATION_COMMENTS = YES;
				CLANG_WARN_EMPTY_BODY = YES;
				CLANG_WARN_ENUM_CONVERSION = YES;
				CLANG_WARN_INFINITE_RECURSION = YES;
				CLANG_WARN_INT_CONVERSION = YES;
				CLANG_WARN_NON_LITERAL_NULL_CONVERSION = YES;
				CLANG_WARN_OBJC_IMPLICIT_RETAIN_SELF = YES;
				CLANG_WARN_OBJC_LITERAL_CONVERSION = YES;
				CLANG_WARN_OBJC_ROOT_CLASS = YES_ERROR;
				CLANG_WARN_RANGE_LOOP_ANALYSIS = YES;
				CLANG_WARN_STRICT_PROTOTYPES = YES;
				CLANG_WARN_SUSPICIOUS_MOVE = YES;
				CLANG_WARN_UNGUARDED_AVAILABILITY = YES_AGGRESSIVE;
				CLANG_WARN_UNREACHABLE_CODE = YES;
				CLANG_WARN__DUPLICATE_METHOD_MATCH = YES;
				COPY_PHASE_STRIP = NO;
				DEBUG_INFORMATION_FORMAT = "dwarf-with-dsym";
				ENABLE_NS_ASSERTIONS = NO;
				ENABLE_STRICT_OBJC_MSGSEND = YES;
				GCC_C_LANGUAGE_STANDARD = gnu11;
				GCC_NO_COMMON_BLOCKS = YES;
				GCC_WARN_64_TO_32_BIT_CONVERSION = YES;
				GCC_WARN_ABOUT_RETURN_TYPE = YES_ERROR;
				GCC_WARN_UNDECLARED_SELECTOR = YES;
				GCC_WARN_UNINITIALIZED_AUTOS = YES_AGGRESSIVE;
				GCC_WARN_UNUSED_FUNCTION = YES;
				GCC_WARN_UNUSED_VARIABLE = YES;
				IPHONEOS_DEPLOYMENT_TARGET = 13.2;
				MTL_ENABLE_DEBUG_INFO = NO;
				MTL_FAST_MATH = YES;
				SDKROOT = iphoneos;
				SWIFT_COMPILATION_MODE = wholemodule;
				SWIFT_OPTIMIZATION_LEVEL = "-O";
				VALIDATE_PRODUCT = YES;
			};
			name = Release;
		};
		EA72F3C723E110940038D9E8 /* Debug */ = {
			isa = XCBuildConfiguration;
			baseConfigurationReference = EA70BEF567F8C153D5CDC912 /* Pods-Flix.debug.xcconfig */;
			buildSettings = {
				ASSETCATALOG_COMPILER_APPICON_NAME = AppIcon;
				CODE_SIGN_IDENTITY = "Apple Development";
				CODE_SIGN_STYLE = Automatic;
				DEVELOPMENT_TEAM = "";
				INFOPLIST_FILE = Flix/Info.plist;
				LD_RUNPATH_SEARCH_PATHS = (
					"$(inherited)",
					"@executable_path/Frameworks",
				);
				PRODUCT_BUNDLE_IDENTIFIER = com.codepath.flix;
				PRODUCT_NAME = "$(TARGET_NAME)";
				PROVISIONING_PROFILE_SPECIFIER = "";
				SWIFT_VERSION = 5.0;
				TARGETED_DEVICE_FAMILY = "1,2";
			};
			name = Debug;
		};
		EA72F3C823E110940038D9E8 /* Release */ = {
			isa = XCBuildConfiguration;
			baseConfigurationReference = 6D39F8D86DEAFF445F78AE21 /* Pods-Flix.release.xcconfig */;
			buildSettings = {
				ASSETCATALOG_COMPILER_APPICON_NAME = AppIcon;
				CODE_SIGN_STYLE = Automatic;
				DEVELOPMENT_TEAM = "";
				INFOPLIST_FILE = Flix/Info.plist;
				LD_RUNPATH_SEARCH_PATHS = (
					"$(inherited)",
					"@executable_path/Frameworks",
				);
				PRODUCT_BUNDLE_IDENTIFIER = com.codepath.flix;
				PRODUCT_NAME = "$(TARGET_NAME)";
				SWIFT_VERSION = 5.0;
				TARGETED_DEVICE_FAMILY = "1,2";
			};
			name = Release;
		};
		EA72F3CA23E110940038D9E8 /* Debug */ = {
			isa = XCBuildConfiguration;
			baseConfigurationReference = 6EE27A5943ABE581610A2859 /* Pods-FlixTests.debug.xcconfig */;
			buildSettings = {
				ALWAYS_EMBED_SWIFT_STANDARD_LIBRARIES = YES;
				BUNDLE_LOADER = "$(TEST_HOST)";
				CODE_SIGN_STYLE = Automatic;
				INFOPLIST_FILE = FlixTests/Info.plist;
				IPHONEOS_DEPLOYMENT_TARGET = 13.2;
				LD_RUNPATH_SEARCH_PATHS = (
					"$(inherited)",
					"@executable_path/Frameworks",
					"@loader_path/Frameworks",
				);
				PRODUCT_BUNDLE_IDENTIFIER = com.codepath.FlixTests;
				PRODUCT_NAME = "$(TARGET_NAME)";
				SWIFT_VERSION = 5.0;
				TARGETED_DEVICE_FAMILY = "1,2";
				TEST_HOST = "$(BUILT_PRODUCTS_DIR)/Flix.app/Flix";
			};
			name = Debug;
		};
		EA72F3CB23E110940038D9E8 /* Release */ = {
			isa = XCBuildConfiguration;
			baseConfigurationReference = A06F745D96DE853F3B4D32AE /* Pods-FlixTests.release.xcconfig */;
			buildSettings = {
				ALWAYS_EMBED_SWIFT_STANDARD_LIBRARIES = YES;
				BUNDLE_LOADER = "$(TEST_HOST)";
				CODE_SIGN_STYLE = Automatic;
				INFOPLIST_FILE = FlixTests/Info.plist;
				IPHONEOS_DEPLOYMENT_TARGET = 13.2;
				LD_RUNPATH_SEARCH_PATHS = (
					"$(inherited)",
					"@executable_path/Frameworks",
					"@loader_path/Frameworks",
				);
				PRODUCT_BUNDLE_IDENTIFIER = com.codepath.FlixTests;
				PRODUCT_NAME = "$(TARGET_NAME)";
				SWIFT_VERSION = 5.0;
				TARGETED_DEVICE_FAMILY = "1,2";
				TEST_HOST = "$(BUILT_PRODUCTS_DIR)/Flix.app/Flix";
			};
			name = Release;
		};
		EA72F3CD23E110940038D9E8 /* Debug */ = {
			isa = XCBuildConfiguration;
			baseConfigurationReference = 350C1A4A099BA415A868852A /* Pods-Flix-FlixUITests.debug.xcconfig */;
			buildSettings = {
				ALWAYS_EMBED_SWIFT_STANDARD_LIBRARIES = YES;
				CODE_SIGN_STYLE = Automatic;
				INFOPLIST_FILE = FlixUITests/Info.plist;
				LD_RUNPATH_SEARCH_PATHS = (
					"$(inherited)",
					"@executable_path/Frameworks",
					"@loader_path/Frameworks",
				);
				PRODUCT_BUNDLE_IDENTIFIER = com.codepath.FlixUITests;
				PRODUCT_NAME = "$(TARGET_NAME)";
				SWIFT_VERSION = 5.0;
				TARGETED_DEVICE_FAMILY = "1,2";
				TEST_TARGET_NAME = Flix;
			};
			name = Debug;
		};
		EA72F3CE23E110940038D9E8 /* Release */ = {
			isa = XCBuildConfiguration;
			baseConfigurationReference = 4F3654942E81333C8CF817A8 /* Pods-Flix-FlixUITests.release.xcconfig */;
			buildSettings = {
				ALWAYS_EMBED_SWIFT_STANDARD_LIBRARIES = YES;
				CODE_SIGN_STYLE = Automatic;
				INFOPLIST_FILE = FlixUITests/Info.plist;
				LD_RUNPATH_SEARCH_PATHS = (
					"$(inherited)",
					"@executable_path/Frameworks",
					"@loader_path/Frameworks",
				);
				PRODUCT_BUNDLE_IDENTIFIER = com.codepath.FlixUITests;
				PRODUCT_NAME = "$(TARGET_NAME)";
				SWIFT_VERSION = 5.0;
				TARGETED_DEVICE_FAMILY = "1,2";
				TEST_TARGET_NAME = Flix;
			};
			name = Release;
		};
/* End XCBuildConfiguration section */

/* Begin XCConfigurationList section */
		EA72F39723E110850038D9E8 /* Build configuration list for PBXProject "Flix" */ = {
			isa = XCConfigurationList;
			buildConfigurations = (
				EA72F3C423E110940038D9E8 /* Debug */,
				EA72F3C523E110940038D9E8 /* Release */,
			);
			defaultConfigurationIsVisible = 0;
			defaultConfigurationName = Release;
		};
		EA72F3C623E110940038D9E8 /* Build configuration list for PBXNativeTarget "Flix" */ = {
			isa = XCConfigurationList;
			buildConfigurations = (
				EA72F3C723E110940038D9E8 /* Debug */,
				EA72F3C823E110940038D9E8 /* Release */,
			);
			defaultConfigurationIsVisible = 0;
			defaultConfigurationName = Release;
		};
		EA72F3C923E110940038D9E8 /* Build configuration list for PBXNativeTarget "FlixTests" */ = {
			isa = XCConfigurationList;
			buildConfigurations = (
				EA72F3CA23E110940038D9E8 /* Debug */,
				EA72F3CB23E110940038D9E8 /* Release */,
			);
			defaultConfigurationIsVisible = 0;
			defaultConfigurationName = Release;
		};
		EA72F3CC23E110940038D9E8 /* Build configuration list for PBXNativeTarget "FlixUITests" */ = {
			isa = XCConfigurationList;
			buildConfigurations = (
				EA72F3CD23E110940038D9E8 /* Debug */,
				EA72F3CE23E110940038D9E8 /* Release */,
			);
			defaultConfigurationIsVisible = 0;
			defaultConfigurationName = Release;
		};
/* End XCConfigurationList section */
	};
	rootObject = EA72F39423E110850038D9E8 /* Project object */;
}
